
Microsoft Visual Studio Solution File, Format Version 12.00
# Visual Studio Version 17
VisualStudioVersion = 17.9.34728.123
MinimumVisualStudioVersion = 10.0.40219.1
Project("{9A19103F-16F7-4668-BE54-9A1E7A4F7556}") = "AV-API", "AV-API.csproj", "{3186DBCF-1F49-45E7-BF11-30639378C22C}"
EndProject
Global
	GlobalSection(SolutionConfigurationPlatforms) = preSolution
		Debug|Any CPU = Debug|Any CPU
		Release|Any CPU = Release|Any CPU
	EndGlobalSection
	GlobalSection(ProjectConfigurationPlatforms) = postSolution
		{3186DBCF-1F49-45E7-BF11-30639378C22C}.Debug|Any CPU.ActiveCfg = Debug|Any CPU
		{3186DBCF-1F49-45E7-BF11-30639378C22C}.Debug|Any CPU.Build.0 = Debug|Any CPU
		{3186DBCF-1F49-45E7-BF11-30639378C22C}.Release|Any CPU.ActiveCfg = Release|Any CPU
		{3186DBCF-1F49-45E7-BF11-30639378C22C}.Release|Any CPU.Build.0 = Release|Any CPU
	EndGlobalSection
	GlobalSection(SolutionProperties) = preSolution
		HideSolutionNode = FALSE
	EndGlobalSection
	GlobalSection(ExtensibilityGlobals) = postSolution
		SolutionGuid = {EF416412-BD3F-4936-BF28-B7EB545B7119}
	EndGlobalSection
EndGlobal
